
Microsoft Visual Studio Solution File, Format Version 12.00
# Visual Studio Version 16
VisualStudioVersion = 16.0.31613.86
MinimumVisualStudioVersion = 10.0.40219.1
Project("{9A19103F-16F7-4668-BE54-9A1E7A4F7556}") = "PruebaAPIS", "PruebaAPIS\PruebaAPIS.csproj", "{5BAC008C-86E8-41BF-981F-6D784CCAD3DF}"
EndProject
Project("{9A19103F-16F7-4668-BE54-9A1E7A4F7556}") = "Domain", "Domain\Domain.csproj", "{66084771-2B3F-400C-AD15-EF41CD632F02}"
EndProject
Project("{FAE04EC0-301F-11D3-BF4B-00C04F79EFBC}") = "Infraestructure", "Infraestructure\Infraestructure.csproj", "{C3A001AD-8C6A-460C-BA7F-FB033842C560}"
EndProject
Project("{FAE04EC0-301F-11D3-BF4B-00C04F79EFBC}") = "Service", "Service\Service.csproj", "{FCC0374E-2B18-4156-A0D6-396BA1A5FFB0}"
EndProject
Global
	GlobalSection(SolutionConfigurationPlatforms) = preSolution
		Debug|Any CPU = Debug|Any CPU
		Release|Any CPU = Release|Any CPU
	EndGlobalSection
	GlobalSection(ProjectConfigurationPlatforms) = postSolution
		{5BAC008C-86E8-41BF-981F-6D784CCAD3DF}.Debug|Any CPU.ActiveCfg = Debug|Any CPU
		{5BAC008C-86E8-41BF-981F-6D784CCAD3DF}.Debug|Any CPU.Build.0 = Debug|Any CPU
		{5BAC008C-86E8-41BF-981F-6D784CCAD3DF}.Release|Any CPU.ActiveCfg = Release|Any CPU
		{5BAC008C-86E8-41BF-981F-6D784CCAD3DF}.Release|Any CPU.Build.0 = Release|Any CPU
		{66084771-2B3F-400C-AD15-EF41CD632F02}.Debug|Any CPU.ActiveCfg = Debug|Any CPU
		{66084771-2B3F-400C-AD15-EF41CD632F02}.Debug|Any CPU.Build.0 = Debug|Any CPU
		{66084771-2B3F-400C-AD15-EF41CD632F02}.Release|Any CPU.ActiveCfg = Release|Any CPU
		{66084771-2B3F-400C-AD15-EF41CD632F02}.Release|Any CPU.Build.0 = Release|Any CPU
		{C3A001AD-8C6A-460C-BA7F-FB033842C560}.Debug|Any CPU.ActiveCfg = Debug|Any CPU
		{C3A001AD-8C6A-460C-BA7F-FB033842C560}.Debug|Any CPU.Build.0 = Debug|Any CPU
		{C3A001AD-8C6A-460C-BA7F-FB033842C560}.Release|Any CPU.ActiveCfg = Release|Any CPU
		{C3A001AD-8C6A-460C-BA7F-FB033842C560}.Release|Any CPU.Build.0 = Release|Any CPU
		{FCC0374E-2B18-4156-A0D6-396BA1A5FFB0}.Debug|Any CPU.ActiveCfg = Debug|Any CPU
		{FCC0374E-2B18-4156-A0D6-396BA1A5FFB0}.Debug|Any CPU.Build.0 = Debug|Any CPU
		{FCC0374E-2B18-4156-A0D6-396BA1A5FFB0}.Release|Any CPU.ActiveCfg = Release|Any CPU
		{FCC0374E-2B18-4156-A0D6-396BA1A5FFB0}.Release|Any CPU.Build.0 = Release|Any CPU
	EndGlobalSection
	GlobalSection(SolutionProperties) = preSolution
		HideSolutionNode = FALSE
	EndGlobalSection
	GlobalSection(ExtensibilityGlobals) = postSolution
		SolutionGuid = {58F4618D-D2F5-4DD2-851C-7D537D10CA83}
	EndGlobalSection
EndGlobal
